
Microsoft Visual Studio Solution File, Format Version 12.00
# Visual Studio Version 17
VisualStudioVersion = 17.8.34525.116
MinimumVisualStudioVersion = 10.0.40219.1
Project("{FAE04EC0-301F-11D3-BF4B-00C04F79EFBC}") = "ConsoleAppTabuada", "ConsoleAppTabuada\ConsoleAppTabuada.csproj", "{62B5AFEF-DEB0-43AC-95BD-37843044026A}"
EndProject
Global
	GlobalSection(SolutionConfigurationPlatforms) = preSolution
		Debug|Any CPU = Debug|Any CPU
		Release|Any CPU = Release|Any CPU
	EndGlobalSection
	GlobalSection(ProjectConfigurationPlatforms) = postSolution
		{62B5AFEF-DEB0-43AC-95BD-37843044026A}.Debug|Any CPU.ActiveCfg = Debug|Any CPU
		{62B5AFEF-DEB0-43AC-95BD-37843044026A}.Debug|Any CPU.Build.0 = Debug|Any CPU
		{62B5AFEF-DEB0-43AC-95BD-37843044026A}.Release|Any CPU.ActiveCfg = Release|Any CPU
		{62B5AFEF-DEB0-43AC-95BD-37843044026A}.Release|Any CPU.Build.0 = Release|Any CPU
	EndGlobalSection
	GlobalSection(SolutionProperties) = preSolution
		HideSolutionNode = FALSE
	EndGlobalSection
	GlobalSection(ExtensibilityGlobals) = postSolution
		SolutionGuid = {382FE341-67AD-45E2-A6C9-02230B2AE41E}
	EndGlobalSection
EndGlobal
